
Microsoft Visual Studio Solution File, Format Version 12.00
# Visual Studio 2013
VisualStudioVersion = 12.0.40629.0
MinimumVisualStudioVersion = 10.0.40219.1
Project("{FAE04EC0-301F-11D3-BF4B-00C04F79EFBC}") = "Metodos.LojaVirtual.Dominio", "Metodos.LojaVirtual.Dominio\Metodos.LojaVirtual.Dominio.csproj", "{EE01E817-BD08-4226-95F0-921E95BDA991}"
EndProject
Project("{FAE04EC0-301F-11D3-BF4B-00C04F79EFBC}") = "Metodos.LojaVirtual.Web", "Metodos.LojaVirtual.Web\Metodos.LojaVirtual.Web.csproj", "{BAD8A7FF-741C-4D03-994C-3C5DCFDEF3C7}"
EndProject
Project("{FAE04EC0-301F-11D3-BF4B-00C04F79EFBC}") = "Metodos.LojaVirtual.UnitTest", "Metodos.LojaVirtual.UnitTest\Metodos.LojaVirtual.UnitTest.csproj", "{AC775883-A866-42CE-937C-4F79CF558B77}"
EndProject
Global
	GlobalSection(SolutionConfigurationPlatforms) = preSolution
		Debug|Any CPU = Debug|Any CPU
		Release|Any CPU = Release|Any CPU
	EndGlobalSection
	GlobalSection(ProjectConfigurationPlatforms) = postSolution
		{EE01E817-BD08-4226-95F0-921E95BDA991}.Debug|Any CPU.ActiveCfg = Debug|Any CPU
		{EE01E817-BD08-4226-95F0-921E95BDA991}.Debug|Any CPU.Build.0 = Debug|Any CPU
		{EE01E817-BD08-4226-95F0-921E95BDA991}.Release|Any CPU.ActiveCfg = Release|Any CPU
		{EE01E817-BD08-4226-95F0-921E95BDA991}.Release|Any CPU.Build.0 = Release|Any CPU
		{BAD8A7FF-741C-4D03-994C-3C5DCFDEF3C7}.Debug|Any CPU.ActiveCfg = Debug|Any CPU
		{BAD8A7FF-741C-4D03-994C-3C5DCFDEF3C7}.Debug|Any CPU.Build.0 = Debug|Any CPU
		{BAD8A7FF-741C-4D03-994C-3C5DCFDEF3C7}.Release|Any CPU.ActiveCfg = Release|Any CPU
		{BAD8A7FF-741C-4D03-994C-3C5DCFDEF3C7}.Release|Any CPU.Build.0 = Release|Any CPU
		{AC775883-A866-42CE-937C-4F79CF558B77}.Debug|Any CPU.ActiveCfg = Debug|Any CPU
		{AC775883-A866-42CE-937C-4F79CF558B77}.Debug|Any CPU.Build.0 = Debug|Any CPU
		{AC775883-A866-42CE-937C-4F79CF558B77}.Release|Any CPU.ActiveCfg = Release|Any CPU
		{AC775883-A866-42CE-937C-4F79CF558B77}.Release|Any CPU.Build.0 = Release|Any CPU
	EndGlobalSection
	GlobalSection(SolutionProperties) = preSolution
		HideSolutionNode = FALSE
	EndGlobalSection
EndGlobal
